
Microsoft Visual Studio Solution File, Format Version 12.00
# Visual Studio 2013
VisualStudioVersion = 12.0.21005.1
MinimumVisualStudioVersion = 10.0.40219.1
Project("{8BC9CEB8-8B4A-11D0-8D11-00A0C91BC942}") = "TekYonluBagilListe", "TekYonluBagilListe\TekYonluBagilListe.vcxproj", "{13F8594B-4DA1-4069-A33E-9D109EB00EAC}"
EndProject
Global
	GlobalSection(SolutionConfigurationPlatforms) = preSolution
		Debug|Win32 = Debug|Win32
		Release|Win32 = Release|Win32
	EndGlobalSection
	GlobalSection(ProjectConfigurationPlatforms) = postSolution
		{13F8594B-4DA1-4069-A33E-9D109EB00EAC}.Debug|Win32.ActiveCfg = Debug|Win32
		{13F8594B-4DA1-4069-A33E-9D109EB00EAC}.Debug|Win32.Build.0 = Debug|Win32
		{13F8594B-4DA1-4069-A33E-9D109EB00EAC}.Release|Win32.ActiveCfg = Release|Win32
		{13F8594B-4DA1-4069-A33E-9D109EB00EAC}.Release|Win32.Build.0 = Release|Win32
	EndGlobalSection
	GlobalSection(SolutionProperties) = preSolution
		HideSolutionNode = FALSE
	EndGlobalSection
EndGlobal
